// !$*UTF8*$!
{
	archiveVersion = 1;
	classes = {
	};
	objectVersion = 46;
	objects = {

/* Begin PBXBuildFile section */
		A3F1DC411DFDA84F00FE2354 /* simple_message_client_commandline_handling.c in Sources */ = {isa = PBXBuildFile; fileRef = A3F1DC3E1DFDA84F00FE2354 /* simple_message_client_commandline_handling.c */; };
		A3F1DC421DFDA84F00FE2354 /* simple_message_client.c in Sources */ = {isa = PBXBuildFile; fileRef = A3F1DC401DFDA84F00FE2354 /* simple_message_client.c */; };
/* End PBXBuildFile section */

/* Begin PBXCopyFilesBuildPhase section */
		A3F1DC321DFDA83400FE2354 /* CopyFiles */ = {
			isa = PBXCopyFilesBuildPhase;
			buildActionMask = 2147483647;
			dstPath = /usr/share/man/man1/;
			dstSubfolderSpec = 0;
			files = (
			);
			runOnlyForDeploymentPostprocessing = 1;
		};
/* End PBXCopyFilesBuildPhase section */

/* Begin PBXFileReference section */
		A3F1DC341DFDA83400FE2354 /* TCP_CLIENT */ = {isa = PBXFileReference; explicitFileType = "compiled.mach-o.executable"; includeInIndex = 0; path = TCP_CLIENT; sourceTree = BUILT_PRODUCTS_DIR; };
		A3F1DC3E1DFDA84F00FE2354 /* simple_message_client_commandline_handling.c */ = {isa = PBXFileReference; fileEncoding = 4; lastKnownFileType = sourcecode.c.c; name = simple_message_client_commandline_handling.c; path = ../../../VCS_TCPIP/simple_message_client_commandline_handling.c; sourceTree = "<group>"; };
		A3F1DC3F1DFDA84F00FE2354 /* simple_message_client_commandline_handling.h */ = {isa = PBXFileReference; fileEncoding = 4; lastKnownFileType = sourcecode.c.h; name = simple_message_client_commandline_handling.h; path = ../../../VCS_TCPIP/simple_message_client_commandline_handling.h; sourceTree = "<group>"; };
		A3F1DC401DFDA84F00FE2354 /* simple_message_client.c */ = {isa = PBXFileReference; fileEncoding = 4; lastKnownFileType = sourcecode.c.c; name = simple_message_client.c; path = ../../../VCS_TCPIP/simple_message_client.c; sourceTree = "<group>"; };
/* End PBXFileReference section */

/* Begin PBXFrameworksBuildPhase section */
		A3F1DC311DFDA83400FE2354 /* Frameworks */ = {
			isa = PBXFrameworksBuildPhase;
			buildActionMask = 2147483647;
			files = (
			);
			runOnlyForDeploymentPostprocessing = 0;
		};
/* End PBXFrameworksBuildPhase section */

/* Begin PBXGroup section */
		A3F1DC2B1DFDA83400FE2354 = {
			isa = PBXGroup;
			children = (
				A3F1DC361DFDA83400FE2354 /* TCP_CLIENT */,
				A3F1DC351DFDA83400FE2354 /* Products */,
			);
			sourceTree = "<group>";
		};
		A3F1DC351DFDA83400FE2354 /* Products */ = {
			isa = PBXGroup;
			children = (
				A3F1DC341DFDA83400FE2354 /* TCP_CLIENT */,
			);
			name = Products;
			sourceTree = "<group>";
		};
		A3F1DC361DFDA83400FE2354 /* TCP_CLIENT */ = {
			isa = PBXGroup;
			children = (
				A3F1DC3E1DFDA84F00FE2354 /* simple_message_client_commandline_handling.c */,
				A3F1DC3F1DFDA84F00FE2354 /* simple_message_client_commandline_handling.h */,
				A3F1DC401DFDA84F00FE2354 /* simple_message_client.c */,
			);
			path = TCP_CLIENT;
			sourceTree = "<group>";
		};
/* End PBXGroup section */

/* Begin PBXNativeTarget section */
		A3F1DC331DFDA83400FE2354 /* TCP_CLIENT */ = {
			isa = PBXNativeTarget;
			buildConfigurationList = A3F1DC3B1DFDA83400FE2354 /* Build configuration list for PBXNativeTarget "TCP_CLIENT" */;
			buildPhases = (
				A3F1DC301DFDA83400FE2354 /* Sources */,
				A3F1DC311DFDA83400FE2354 /* Frameworks */,
				A3F1DC321DFDA83400FE2354 /* CopyFiles */,
			);
			buildRules = (
			);
			dependencies = (
			);
			name = TCP_CLIENT;
			productName = TCP_CLIENT;
			productReference = A3F1DC341DFDA83400FE2354 /* TCP_CLIENT */;
			productType = "com.apple.product-type.tool";
		};
/* End PBXNativeTarget section */

/* Begin PBXProject section */
		A3F1DC2C1DFDA83400FE2354 /* Project object */ = {
			isa = PBXProject;
			attributes = {
				LastUpgradeCheck = 0810;
				ORGANIZATIONNAME = Gerhard;
				TargetAttributes = {
					A3F1DC331DFDA83400FE2354 = {
						CreatedOnToolsVersion = 8.1;
						ProvisioningStyle = Automatic;
					};
				};
			};
			buildConfigurationList = A3F1DC2F1DFDA83400FE2354 /* Build configuration list for PBXProject "TCP_CLIENT" */;
			compatibilityVersion = "Xcode 3.2";
			developmentRegion = English;
			hasScannedForEncodings = 0;
			knownRegions = (
				en,
			);
			mainGroup = A3F1DC2B1DFDA83400FE2354;
			productRefGroup = A3F1DC351DFDA83400FE2354 /* Products */;
			projectDirPath = "";
			projectRoot = "";
			targets = (
				A3F1DC331DFDA83400FE2354 /* TCP_CLIENT */,
			);
		};
/* End PBXProject section */

/* Begin PBXSourcesBuildPhase section */
		A3F1DC301DFDA83400FE2354 /* Sources */ = {
			isa = PBXSourcesBuildPhase;
			buildActionMask = 2147483647;
			files = (
				A3F1DC421DFDA84F00FE2354 /* simple_message_client.c in Sources */,
				A3F1DC411DFDA84F00FE2354 /* simple_message_client_commandline_handling.c in Sources */,
			);
			runOnlyForDeploymentPostprocessing = 0;
		};
/* End PBXSourcesBuildPhase section */

/* Begin XCBuildConfiguration section */
		A3F1DC391DFDA83400FE2354 /* Debug */ = {
			isa = XCBuildConfiguration;
			buildSettings = {
				ALWAYS_SEARCH_USER_PATHS = NO;
				CLANG_ANALYZER_NONNULL = YES;
				CLANG_CXX_LANGUAGE_STANDARD = "gnu++0x";
				CLANG_CXX_LIBRARY = "libc++";
				CLANG_ENABLE_MODULES = YES;
				CLANG_ENABLE_OBJC_ARC = YES;
				CLANG_WARN_BOOL_CONVERSION = YES;
				CLANG_WARN_CONSTANT_CONVERSION = YES;
				CLANG_WARN_DIRECT_OBJC_ISA_USAGE = YES_ERROR;
				CLANG_WARN_DOCUMENTATION_COMMENTS = YES;
				CLANG_WARN_EMPTY_BODY = YES;
				CLANG_WARN_ENUM_CONVERSION = YES;
				CLANG_WARN_INFINITE_RECURSION = YES;
				CLANG_WARN_INT_CONVERSION = YES;
				CLANG_WARN_OBJC_ROOT_CLASS = YES_ERROR;
				CLANG_WARN_SUSPICIOUS_MOVES = YES;
				CLANG_WARN_UNREACHABLE_CODE = YES;
				CLANG_WARN__DUPLICATE_METHOD_MATCH = YES;
				CODE_SIGN_IDENTITY = "-";
				COPY_PHASE_STRIP = NO;
				DEBUG_INFORMATION_FORMAT = dwarf;
				ENABLE_STRICT_OBJC_MSGSEND = YES;
				ENABLE_TESTABILITY = YES;
				GCC_C_LANGUAGE_STANDARD = gnu99;
				GCC_DYNAMIC_NO_PIC = NO;
				GCC_NO_COMMON_BLOCKS = YES;
				GCC_OPTIMIZATION_LEVEL = 0;
				GCC_PREPROCESSOR_DEFINITIONS = (
					"DEBUG=1",
					"$(inherited)",
				);
				GCC_WARN_64_TO_32_BIT_CONVERSION = YES;
				GCC_WARN_ABOUT_RETURN_TYPE = YES_ERROR;
				GCC_WARN_UNDECLARED_SELECTOR = YES;
				GCC_WARN_UNINITIALIZED_AUTOS = YES_AGGRESSIVE;
				GCC_WARN_UNUSED_FUNCTION = YES;
				GCC_WARN_UNUSED_VARIABLE = YES;
				MACOSX_DEPLOYMENT_TARGET = 10.11;
				MTL_ENABLE_DEBUG_INFO = YES;
				ONLY_ACTIVE_ARCH = YES;
				SDKROOT = macosx;
			};
			name = Debug;
		};
		A3F1DC3A1DFDA83400FE2354 /* Release */ = {
			isa = XCBuildConfiguration;
			buildSettings = {
				ALWAYS_SEARCH_USER_PATHS = NO;
				CLANG_ANALYZER_NONNULL = YES;
				CLANG_CXX_LANGUAGE_STANDARD = "gnu++0x";
				CLANG_CXX_LIBRARY = "libc++";
				CLANG_ENABLE_MODULES = YES;
				CLANG_ENABLE_OBJC_ARC = YES;
				CLANG_WARN_BOOL_CONVERSION = YES;
				CLANG_WARN_CONSTANT_CONVERSION = YES;
				CLANG_WARN_DIRECT_OBJC_ISA_USAGE = YES_ERROR;
				CLANG_WARN_DOCUMENTATION_COMMENTS = YES;
				CLANG_WARN_EMPTY_BODY = YES;
				CLANG_WARN_ENUM_CONVERSION = YES;
				CLANG_WARN_INFINITE_RECURSION = YES;
				CLANG_WARN_INT_CONVERSION = YES;
				CLANG_WARN_OBJC_ROOT_CLASS = YES_ERROR;
				CLANG_WARN_SUSPICIOUS_MOVES = YES;
				CLANG_WARN_UNREACHABLE_CODE = YES;
				CLANG_WARN__DUPLICATE_METHOD_MATCH = YES;
				CODE_SIGN_IDENTITY = "-";
				COPY_PHASE_STRIP = NO;
				DEBUG_INFORMATION_FORMAT = "dwarf-with-dsym";
				ENABLE_NS_ASSERTIONS = NO;
				ENABLE_STRICT_OBJC_MSGSEND = YES;
				GCC_C_LANGUAGE_STANDARD = gnu99;
				GCC_NO_COMMON_BLOCKS = YES;
				GCC_WARN_64_TO_32_BIT_CONVERSION = YES;
				GCC_WARN_ABOUT_RETURN_TYPE = YES_ERROR;
				GCC_WARN_UNDECLARED_SELECTOR = YES;
				GCC_WARN_UNINITIALIZED_AUTOS = YES_AGGRESSIVE;
				GCC_WARN_UNUSED_FUNCTION = YES;
				GCC_WARN_UNUSED_VARIABLE = YES;
				MACOSX_DEPLOYMENT_TARGET = 10.11;
				MTL_ENABLE_DEBUG_INFO = NO;
				SDKROOT = macosx;
			};
			name = Release;
		};
		A3F1DC3C1DFDA83400FE2354 /* Debug */ = {
			isa = XCBuildConfiguration;
			buildSettings = {
				PRODUCT_NAME = "$(TARGET_NAME)";
			};
			name = Debug;
		};
		A3F1DC3D1DFDA83400FE2354 /* Release */ = {
			isa = XCBuildConfiguration;
			buildSettings = {
				PRODUCT_NAME = "$(TARGET_NAME)";
			};
			name = Release;
		};
/* End XCBuildConfiguration section */

/* Begin XCConfigurationList section */
		A3F1DC2F1DFDA83400FE2354 /* Build configuration list for PBXProject "TCP_CLIENT" */ = {
			isa = XCConfigurationList;
			buildConfigurations = (
				A3F1DC391DFDA83400FE2354 /* Debug */,
				A3F1DC3A1DFDA83400FE2354 /* Release */,
			);
			defaultConfigurationIsVisible = 0;
			defaultConfigurationName = Release;
		};
		A3F1DC3B1DFDA83400FE2354 /* Build configuration list for PBXNativeTarget "TCP_CLIENT" */ = {
			isa = XCConfigurationList;
			buildConfigurations = (
				A3F1DC3C1DFDA83400FE2354 /* Debug */,
				A3F1DC3D1DFDA83400FE2354 /* Release */,
			);
			defaultConfigurationIsVisible = 0;
		};
/* End XCConfigurationList section */
	};
	rootObject = A3F1DC2C1DFDA83400FE2354 /* Project object */;
}
