// !$*UTF8*$!
{
	archiveVersion = 1;
	classes = {
	};
	objectVersion = 46;
	objects = {

/* Begin PBXBuildFile section */
		A31C030E1DFDA8BB00FC850C /* simple_message_server_commandline_handling.c in Sources */ = {isa = PBXBuildFile; fileRef = A31C030B1DFDA8BB00FC850C /* simple_message_server_commandline_handling.c */; };
		A31C030F1DFDA8BB00FC850C /* simple_message_server.c in Sources */ = {isa = PBXBuildFile; fileRef = A31C030D1DFDA8BB00FC850C /* simple_message_server.c */; };
/* End PBXBuildFile section */

/* Begin PBXCopyFilesBuildPhase section */
		A31C02FF1DFDA8A300FC850C /* CopyFiles */ = {
			isa = PBXCopyFilesBuildPhase;
			buildActionMask = 2147483647;
			dstPath = /usr/share/man/man1/;
			dstSubfolderSpec = 0;
			files = (
			);
			runOnlyForDeploymentPostprocessing = 1;
		};
/* End PBXCopyFilesBuildPhase section */

/* Begin PBXFileReference section */
		A31C03011DFDA8A400FC850C /* TCP_SERVER */ = {isa = PBXFileReference; explicitFileType = "compiled.mach-o.executable"; includeInIndex = 0; path = TCP_SERVER; sourceTree = BUILT_PRODUCTS_DIR; };
		A31C030B1DFDA8BB00FC850C /* simple_message_server_commandline_handling.c */ = {isa = PBXFileReference; fileEncoding = 4; lastKnownFileType = sourcecode.c.c; name = simple_message_server_commandline_handling.c; path = ../../../VCS_TCPIP/simple_message_server_commandline_handling.c; sourceTree = "<group>"; };
		A31C030C1DFDA8BB00FC850C /* simple_message_server_commandline_handling.h */ = {isa = PBXFileReference; fileEncoding = 4; lastKnownFileType = sourcecode.c.h; name = simple_message_server_commandline_handling.h; path = ../../../VCS_TCPIP/simple_message_server_commandline_handling.h; sourceTree = "<group>"; };
		A31C030D1DFDA8BB00FC850C /* simple_message_server.c */ = {isa = PBXFileReference; fileEncoding = 4; lastKnownFileType = sourcecode.c.c; name = simple_message_server.c; path = ../../../VCS_TCPIP/simple_message_server.c; sourceTree = "<group>"; };
/* End PBXFileReference section */

/* Begin PBXFrameworksBuildPhase section */
		A31C02FE1DFDA8A300FC850C /* Frameworks */ = {
			isa = PBXFrameworksBuildPhase;
			buildActionMask = 2147483647;
			files = (
			);
			runOnlyForDeploymentPostprocessing = 0;
		};
/* End PBXFrameworksBuildPhase section */

/* Begin PBXGroup section */
		A31C02F81DFDA8A300FC850C = {
			isa = PBXGroup;
			children = (
				A31C03031DFDA8A400FC850C /* TCP_SERVER */,
				A31C03021DFDA8A400FC850C /* Products */,
			);
			sourceTree = "<group>";
		};
		A31C03021DFDA8A400FC850C /* Products */ = {
			isa = PBXGroup;
			children = (
				A31C03011DFDA8A400FC850C /* TCP_SERVER */,
			);
			name = Products;
			sourceTree = "<group>";
		};
		A31C03031DFDA8A400FC850C /* TCP_SERVER */ = {
			isa = PBXGroup;
			children = (
				A31C030B1DFDA8BB00FC850C /* simple_message_server_commandline_handling.c */,
				A31C030C1DFDA8BB00FC850C /* simple_message_server_commandline_handling.h */,
				A31C030D1DFDA8BB00FC850C /* simple_message_server.c */,
			);
			path = TCP_SERVER;
			sourceTree = "<group>";
		};
/* End PBXGroup section */

/* Begin PBXNativeTarget section */
		A31C03001DFDA8A300FC850C /* TCP_SERVER */ = {
			isa = PBXNativeTarget;
			buildConfigurationList = A31C03081DFDA8A400FC850C /* Build configuration list for PBXNativeTarget "TCP_SERVER" */;
			buildPhases = (
				A31C02FD1DFDA8A300FC850C /* Sources */,
				A31C02FE1DFDA8A300FC850C /* Frameworks */,
				A31C02FF1DFDA8A300FC850C /* CopyFiles */,
			);
			buildRules = (
			);
			dependencies = (
			);
			name = TCP_SERVER;
			productName = TCP_SERVER;
			productReference = A31C03011DFDA8A400FC850C /* TCP_SERVER */;
			productType = "com.apple.product-type.tool";
		};
/* End PBXNativeTarget section */

/* Begin PBXProject section */
		A31C02F91DFDA8A300FC850C /* Project object */ = {
			isa = PBXProject;
			attributes = {
				LastUpgradeCheck = 0810;
				ORGANIZATIONNAME = Gerhard;
				TargetAttributes = {
					A31C03001DFDA8A300FC850C = {
						CreatedOnToolsVersion = 8.1;
						ProvisioningStyle = Automatic;
					};
				};
			};
			buildConfigurationList = A31C02FC1DFDA8A300FC850C /* Build configuration list for PBXProject "TCP_SERVER" */;
			compatibilityVersion = "Xcode 3.2";
			developmentRegion = English;
			hasScannedForEncodings = 0;
			knownRegions = (
				en,
			);
			mainGroup = A31C02F81DFDA8A300FC850C;
			productRefGroup = A31C03021DFDA8A400FC850C /* Products */;
			projectDirPath = "";
			projectRoot = "";
			targets = (
				A31C03001DFDA8A300FC850C /* TCP_SERVER */,
			);
		};
/* End PBXProject section */

/* Begin PBXSourcesBuildPhase section */
		A31C02FD1DFDA8A300FC850C /* Sources */ = {
			isa = PBXSourcesBuildPhase;
			buildActionMask = 2147483647;
			files = (
				A31C030F1DFDA8BB00FC850C /* simple_message_server.c in Sources */,
				A31C030E1DFDA8BB00FC850C /* simple_message_server_commandline_handling.c in Sources */,
			);
			runOnlyForDeploymentPostprocessing = 0;
		};
/* End PBXSourcesBuildPhase section */

/* Begin XCBuildConfiguration section */
		A31C03061DFDA8A400FC850C /* Debug */ = {
			isa = XCBuildConfiguration;
			buildSettings = {
				ALWAYS_SEARCH_USER_PATHS = NO;
				CLANG_ANALYZER_NONNULL = YES;
				CLANG_CXX_LANGUAGE_STANDARD = "gnu++0x";
				CLANG_CXX_LIBRARY = "libc++";
				CLANG_ENABLE_MODULES = YES;
				CLANG_ENABLE_OBJC_ARC = YES;
				CLANG_WARN_BOOL_CONVERSION = YES;
				CLANG_WARN_CONSTANT_CONVERSION = YES;
				CLANG_WARN_DIRECT_OBJC_ISA_USAGE = YES_ERROR;
				CLANG_WARN_DOCUMENTATION_COMMENTS = YES;
				CLANG_WARN_EMPTY_BODY = YES;
				CLANG_WARN_ENUM_CONVERSION = YES;
				CLANG_WARN_INFINITE_RECURSION = YES;
				CLANG_WARN_INT_CONVERSION = YES;
				CLANG_WARN_OBJC_ROOT_CLASS = YES_ERROR;
				CLANG_WARN_SUSPICIOUS_MOVES = YES;
				CLANG_WARN_UNREACHABLE_CODE = YES;
				CLANG_WARN__DUPLICATE_METHOD_MATCH = YES;
				CODE_SIGN_IDENTITY = "-";
				COPY_PHASE_STRIP = NO;
				DEBUG_INFORMATION_FORMAT = dwarf;
				ENABLE_STRICT_OBJC_MSGSEND = YES;
				ENABLE_TESTABILITY = YES;
				GCC_C_LANGUAGE_STANDARD = gnu99;
				GCC_DYNAMIC_NO_PIC = NO;
				GCC_NO_COMMON_BLOCKS = YES;
				GCC_OPTIMIZATION_LEVEL = 0;
				GCC_PREPROCESSOR_DEFINITIONS = (
					"DEBUG=1",
					"$(inherited)",
				);
				GCC_WARN_64_TO_32_BIT_CONVERSION = YES;
				GCC_WARN_ABOUT_RETURN_TYPE = YES_ERROR;
				GCC_WARN_UNDECLARED_SELECTOR = YES;
				GCC_WARN_UNINITIALIZED_AUTOS = YES_AGGRESSIVE;
				GCC_WARN_UNUSED_FUNCTION = YES;
				GCC_WARN_UNUSED_VARIABLE = YES;
				MACOSX_DEPLOYMENT_TARGET = 10.11;
				MTL_ENABLE_DEBUG_INFO = YES;
				ONLY_ACTIVE_ARCH = YES;
				SDKROOT = macosx;
			};
			name = Debug;
		};
		A31C03071DFDA8A400FC850C /* Release */ = {
			isa = XCBuildConfiguration;
			buildSettings = {
				ALWAYS_SEARCH_USER_PATHS = NO;
				CLANG_ANALYZER_NONNULL = YES;
				CLANG_CXX_LANGUAGE_STANDARD = "gnu++0x";
				CLANG_CXX_LIBRARY = "libc++";
				CLANG_ENABLE_MODULES = YES;
				CLANG_ENABLE_OBJC_ARC = YES;
				CLANG_WARN_BOOL_CONVERSION = YES;
				CLANG_WARN_CONSTANT_CONVERSION = YES;
				CLANG_WARN_DIRECT_OBJC_ISA_USAGE = YES_ERROR;
				CLANG_WARN_DOCUMENTATION_COMMENTS = YES;
				CLANG_WARN_EMPTY_BODY = YES;
				CLANG_WARN_ENUM_CONVERSION = YES;
				CLANG_WARN_INFINITE_RECURSION = YES;
				CLANG_WARN_INT_CONVERSION = YES;
				CLANG_WARN_OBJC_ROOT_CLASS = YES_ERROR;
				CLANG_WARN_SUSPICIOUS_MOVES = YES;
				CLANG_WARN_UNREACHABLE_CODE = YES;
				CLANG_WARN__DUPLICATE_METHOD_MATCH = YES;
				CODE_SIGN_IDENTITY = "-";
				COPY_PHASE_STRIP = NO;
				DEBUG_INFORMATION_FORMAT = "dwarf-with-dsym";
				ENABLE_NS_ASSERTIONS = NO;
				ENABLE_STRICT_OBJC_MSGSEND = YES;
				GCC_C_LANGUAGE_STANDARD = gnu99;
				GCC_NO_COMMON_BLOCKS = YES;
				GCC_WARN_64_TO_32_BIT_CONVERSION = YES;
				GCC_WARN_ABOUT_RETURN_TYPE = YES_ERROR;
				GCC_WARN_UNDECLARED_SELECTOR = YES;
				GCC_WARN_UNINITIALIZED_AUTOS = YES_AGGRESSIVE;
				GCC_WARN_UNUSED_FUNCTION = YES;
				GCC_WARN_UNUSED_VARIABLE = YES;
				MACOSX_DEPLOYMENT_TARGET = 10.11;
				MTL_ENABLE_DEBUG_INFO = NO;
				SDKROOT = macosx;
			};
			name = Release;
		};
		A31C03091DFDA8A400FC850C /* Debug */ = {
			isa = XCBuildConfiguration;
			buildSettings = {
				PRODUCT_NAME = "$(TARGET_NAME)";
			};
			name = Debug;
		};
		A31C030A1DFDA8A400FC850C /* Release */ = {
			isa = XCBuildConfiguration;
			buildSettings = {
				PRODUCT_NAME = "$(TARGET_NAME)";
			};
			name = Release;
		};
/* End XCBuildConfiguration section */

/* Begin XCConfigurationList section */
		A31C02FC1DFDA8A300FC850C /* Build configuration list for PBXProject "TCP_SERVER" */ = {
			isa = XCConfigurationList;
			buildConfigurations = (
				A31C03061DFDA8A400FC850C /* Debug */,
				A31C03071DFDA8A400FC850C /* Release */,
			);
			defaultConfigurationIsVisible = 0;
			defaultConfigurationName = Release;
		};
		A31C03081DFDA8A400FC850C /* Build configuration list for PBXNativeTarget "TCP_SERVER" */ = {
			isa = XCConfigurationList;
			buildConfigurations = (
				A31C03091DFDA8A400FC850C /* Debug */,
				A31C030A1DFDA8A400FC850C /* Release */,
			);
			defaultConfigurationIsVisible = 0;
		};
/* End XCConfigurationList section */
	};
	rootObject = A31C02F91DFDA8A300FC850C /* Project object */;
}
